
Microsoft Visual Studio Solution File, Format Version 12.00
# Visual Studio 15
VisualStudioVersion = 15.0.27703.2035
MinimumVisualStudioVersion = 10.0.40219.1
Project("{FAE04EC0-301F-11D3-BF4B-00C04F79EFBC}") = "OHook", "OHook\OHook.csproj", "{A125AC11-DD02-4DFC-82A4-0BA6E71F2613}"
EndProject
Project("{FAE04EC0-301F-11D3-BF4B-00C04F79EFBC}") = "OLoader", "OLoader\OLoader.csproj", "{6014BEE8-F06D-47BD-93EA-26F8436ED246}"
EndProject
Global
	GlobalSection(SolutionConfigurationPlatforms) = preSolution
		Debug|Any CPU = Debug|Any CPU
		Release|Any CPU = Release|Any CPU
	EndGlobalSection
	GlobalSection(ProjectConfigurationPlatforms) = postSolution
		{A125AC11-DD02-4DFC-82A4-0BA6E71F2613}.Debug|Any CPU.ActiveCfg = Debug|Any CPU
		{A125AC11-DD02-4DFC-82A4-0BA6E71F2613}.Debug|Any CPU.Build.0 = Debug|Any CPU
		{A125AC11-DD02-4DFC-82A4-0BA6E71F2613}.Release|Any CPU.ActiveCfg = Release|Any CPU
		{A125AC11-DD02-4DFC-82A4-0BA6E71F2613}.Release|Any CPU.Build.0 = Release|Any CPU
		{6014BEE8-F06D-47BD-93EA-26F8436ED246}.Debug|Any CPU.ActiveCfg = Debug|Any CPU
		{6014BEE8-F06D-47BD-93EA-26F8436ED246}.Debug|Any CPU.Build.0 = Debug|Any CPU
		{6014BEE8-F06D-47BD-93EA-26F8436ED246}.Release|Any CPU.ActiveCfg = Release|Any CPU
		{6014BEE8-F06D-47BD-93EA-26F8436ED246}.Release|Any CPU.Build.0 = Release|Any CPU
	EndGlobalSection
	GlobalSection(SolutionProperties) = preSolution
		HideSolutionNode = FALSE
	EndGlobalSection
	GlobalSection(ExtensibilityGlobals) = postSolution
		SolutionGuid = {C1483A7B-C835-40E8-9D1C-817FC50718BE}
	EndGlobalSection
EndGlobal
